
Microsoft Visual Studio Solution File, Format Version 12.00
# Visual Studio Version 16
VisualStudioVersion = 16.0.30204.135
MinimumVisualStudioVersion = 10.0.40219.1
Project("{9A19103F-16F7-4668-BE54-9A1E7A4F7556}") = "TechProduct", "TechProduct.csproj", "{268D1D9E-F288-4D9A-B13C-66B79B14D165}"
EndProject
Global
	GlobalSection(SolutionConfigurationPlatforms) = preSolution
		Debug|Any CPU = Debug|Any CPU
		Release|Any CPU = Release|Any CPU
	EndGlobalSection
	GlobalSection(ProjectConfigurationPlatforms) = postSolution
		{268D1D9E-F288-4D9A-B13C-66B79B14D165}.Debug|Any CPU.ActiveCfg = Debug|Any CPU
		{268D1D9E-F288-4D9A-B13C-66B79B14D165}.Debug|Any CPU.Build.0 = Debug|Any CPU
		{268D1D9E-F288-4D9A-B13C-66B79B14D165}.Release|Any CPU.ActiveCfg = Release|Any CPU
		{268D1D9E-F288-4D9A-B13C-66B79B14D165}.Release|Any CPU.Build.0 = Release|Any CPU
	EndGlobalSection
	GlobalSection(SolutionProperties) = preSolution
		HideSolutionNode = FALSE
	EndGlobalSection
	GlobalSection(ExtensibilityGlobals) = postSolution
		SolutionGuid = {F308A1A5-7300-419B-B2E0-38153D0E0FCF}
	EndGlobalSection
EndGlobal
